
Microsoft Visual Studio Solution File, Format Version 12.00
# Visual Studio 15
VisualStudioVersion = 15.0.27703.2035
MinimumVisualStudioVersion = 10.0.40219.1
Project("{FAE04EC0-301F-11D3-BF4B-00C04F79EFBC}") = "fibbnacci", "fibbnacci\fibbnacci.csproj", "{04263204-C386-406D-8E39-D652134C9DD1}"
EndProject
Global
	GlobalSection(SolutionConfigurationPlatforms) = preSolution
		Debug|Any CPU = Debug|Any CPU
		Release|Any CPU = Release|Any CPU
	EndGlobalSection
	GlobalSection(ProjectConfigurationPlatforms) = postSolution
		{04263204-C386-406D-8E39-D652134C9DD1}.Debug|Any CPU.ActiveCfg = Debug|Any CPU
		{04263204-C386-406D-8E39-D652134C9DD1}.Debug|Any CPU.Build.0 = Debug|Any CPU
		{04263204-C386-406D-8E39-D652134C9DD1}.Release|Any CPU.ActiveCfg = Release|Any CPU
		{04263204-C386-406D-8E39-D652134C9DD1}.Release|Any CPU.Build.0 = Release|Any CPU
	EndGlobalSection
	GlobalSection(SolutionProperties) = preSolution
		HideSolutionNode = FALSE
	EndGlobalSection
	GlobalSection(ExtensibilityGlobals) = postSolution
		SolutionGuid = {3E42D4A5-CFD2-4F24-87D3-590A10D70B5D}
	EndGlobalSection
EndGlobal
